
Microsoft Visual Studio Solution File, Format Version 11.00
# Visual Studio 2010
Project("{FAE04EC0-301F-11D3-BF4B-00C04F79EFBC}") = "Virtual Casino", "Assembly-CSharp.csproj", "{2186A67C-D803-3C0D-4C87-68226D6E1BE7}"
EndProject
Project("{657C5D53-6A1B-BA2E-A2F8-014E640171DD}") = "Virtual Casino", "Assembly-UnityScript.unityproj", "{30ACB2F5-7FA4-FAC4-A5A7-F307CCEC90B7}"
EndProject
Project("{FAE04EC0-301F-11D3-BF4B-00C04F79EFBC}") = "Virtual Casino", "Assembly-CSharp-Editor.csproj", "{FC048EC7-1A14-E685-D709-2C95DE538E28}"
EndProject
Global
	GlobalSection(SolutionConfigurationPlatforms) = preSolution
		Debug|Any CPU = Debug|Any CPU
		Release|Any CPU = Release|Any CPU
	EndGlobalSection
	GlobalSection(ProjectConfigurationPlatforms) = postSolution
		{2186A67C-D803-3C0D-4C87-68226D6E1BE7}.Debug|Any CPU.ActiveCfg = Debug|Any CPU
		{2186A67C-D803-3C0D-4C87-68226D6E1BE7}.Debug|Any CPU.Build.0 = Debug|Any CPU
		{2186A67C-D803-3C0D-4C87-68226D6E1BE7}.Release|Any CPU.ActiveCfg = Release|Any CPU
		{2186A67C-D803-3C0D-4C87-68226D6E1BE7}.Release|Any CPU.Build.0 = Release|Any CPU
		{30ACB2F5-7FA4-FAC4-A5A7-F307CCEC90B7}.Debug|Any CPU.ActiveCfg = Debug|Any CPU
		{30ACB2F5-7FA4-FAC4-A5A7-F307CCEC90B7}.Debug|Any CPU.Build.0 = Debug|Any CPU
		{30ACB2F5-7FA4-FAC4-A5A7-F307CCEC90B7}.Release|Any CPU.ActiveCfg = Release|Any CPU
		{30ACB2F5-7FA4-FAC4-A5A7-F307CCEC90B7}.Release|Any CPU.Build.0 = Release|Any CPU
		{FC048EC7-1A14-E685-D709-2C95DE538E28}.Debug|Any CPU.ActiveCfg = Debug|Any CPU
		{FC048EC7-1A14-E685-D709-2C95DE538E28}.Debug|Any CPU.Build.0 = Debug|Any CPU
		{FC048EC7-1A14-E685-D709-2C95DE538E28}.Release|Any CPU.ActiveCfg = Release|Any CPU
		{FC048EC7-1A14-E685-D709-2C95DE538E28}.Release|Any CPU.Build.0 = Release|Any CPU
	EndGlobalSection
	GlobalSection(SolutionProperties) = preSolution
		HideSolutionNode = FALSE
	EndGlobalSection
	GlobalSection(MonoDevelopProperties) = preSolution
		StartupItem = Assembly-CSharp.csproj
	EndGlobalSection
EndGlobal
